
Microsoft Visual Studio Solution File, Format Version 12.00
# Visual Studio Version 16
VisualStudioVersion = 16.0.31321.278
MinimumVisualStudioVersion = 10.0.40219.1
Project("{9A19103F-16F7-4668-BE54-9A1E7A4F7556}") = "TaxCalculator.CalculatorSample", "TaxCalculator.CalculatorSample\TaxCalculator.CalculatorSample.csproj", "{C193BEF7-0B2A-45AD-87D4-22072F3743E4}"
EndProject
Project("{9A19103F-16F7-4668-BE54-9A1E7A4F7556}") = "TaxCalculator.Application", "TaxCalculator.Application\TaxCalculator.Application.csproj", "{16EB3937-AB3B-4F54-8111-6D32F1D93AA3}"
EndProject
Project("{9A19103F-16F7-4668-BE54-9A1E7A4F7556}") = "TaxCalculator.Infrastructure", "TaxCalculator.Infrastructure\TaxCalculator.Infrastructure.csproj", "{4FB726FB-546B-4E05-BF3E-6905EF5A927C}"
EndProject
Project("{FAE04EC0-301F-11D3-BF4B-00C04F79EFBC}") = "TaxCalculator.Tests", "TaxCalculator.Tests\TaxCalculator.Tests.csproj", "{2CB95509-30AE-4E15-AA03-9EFDCCE69800}"
EndProject
Global
	GlobalSection(SolutionConfigurationPlatforms) = preSolution
		Debug|Any CPU = Debug|Any CPU
		Release|Any CPU = Release|Any CPU
	EndGlobalSection
	GlobalSection(ProjectConfigurationPlatforms) = postSolution
		{C193BEF7-0B2A-45AD-87D4-22072F3743E4}.Debug|Any CPU.ActiveCfg = Debug|Any CPU
		{C193BEF7-0B2A-45AD-87D4-22072F3743E4}.Debug|Any CPU.Build.0 = Debug|Any CPU
		{C193BEF7-0B2A-45AD-87D4-22072F3743E4}.Release|Any CPU.ActiveCfg = Release|Any CPU
		{C193BEF7-0B2A-45AD-87D4-22072F3743E4}.Release|Any CPU.Build.0 = Release|Any CPU
		{16EB3937-AB3B-4F54-8111-6D32F1D93AA3}.Debug|Any CPU.ActiveCfg = Debug|Any CPU
		{16EB3937-AB3B-4F54-8111-6D32F1D93AA3}.Debug|Any CPU.Build.0 = Debug|Any CPU
		{16EB3937-AB3B-4F54-8111-6D32F1D93AA3}.Release|Any CPU.ActiveCfg = Release|Any CPU
		{16EB3937-AB3B-4F54-8111-6D32F1D93AA3}.Release|Any CPU.Build.0 = Release|Any CPU
		{4FB726FB-546B-4E05-BF3E-6905EF5A927C}.Debug|Any CPU.ActiveCfg = Debug|Any CPU
		{4FB726FB-546B-4E05-BF3E-6905EF5A927C}.Debug|Any CPU.Build.0 = Debug|Any CPU
		{4FB726FB-546B-4E05-BF3E-6905EF5A927C}.Release|Any CPU.ActiveCfg = Release|Any CPU
		{4FB726FB-546B-4E05-BF3E-6905EF5A927C}.Release|Any CPU.Build.0 = Release|Any CPU
		{2CB95509-30AE-4E15-AA03-9EFDCCE69800}.Debug|Any CPU.ActiveCfg = Debug|Any CPU
		{2CB95509-30AE-4E15-AA03-9EFDCCE69800}.Debug|Any CPU.Build.0 = Debug|Any CPU
		{2CB95509-30AE-4E15-AA03-9EFDCCE69800}.Release|Any CPU.ActiveCfg = Release|Any CPU
		{2CB95509-30AE-4E15-AA03-9EFDCCE69800}.Release|Any CPU.Build.0 = Release|Any CPU
	EndGlobalSection
	GlobalSection(SolutionProperties) = preSolution
		HideSolutionNode = FALSE
	EndGlobalSection
	GlobalSection(ExtensibilityGlobals) = postSolution
		SolutionGuid = {7BB1D1CC-144E-41EF-AB77-D5DD6EEA839D}
	EndGlobalSection
EndGlobal
